{
    "version": 3,
    "terraform_version": "0.11.1",
    "serial": 3,
    "lineage": "fdc72685-1230-4277-895f-81ecf89ffa0f",
    "modules": [
        {
            "path": [
                "root"
            ],
            "outputs": {},
            "resources": {},
            "depends_on": []
        },
        {
            "path": [
                "root",
                "sql-database"
            ],
            "outputs": {
                "database_name": {
                    "sensitive": false,
                    "type": "string",
                    "value": "acctsqldb"
                },
                "sql_server_location": {
                    "sensitive": false,
                    "type": "string",
                    "value": "westus"
                },
                "sql_server_name": {
                    "sensitive": false,
                    "type": "string",
                    "value": "acctsqlsvr"
                },
                "sql_server_version": {
                    "sensitive": false,
                    "type": "string",
                    "value": "12.0"
                }
            },
            "resources": {},
            "depends_on": []
        },
        {
            "path": [
                "root",
                "vm"
            ],
            "outputs": {},
            "resources": {
                "azurerm_network_interface.default": {
                    "type": "azurerm_network_interface",
                    "depends_on": [
                        "azurerm_network_security_group.default",
                        "azurerm_public_ip.default",
                        "azurerm_resource_group.default",
                        "azurerm_subnet.default"
                    ],
                    "primary": {
                        "id": "/subscriptions/e9f51b95-e7df-43ff-9ea8-5e03b0fdf74d/resourceGroups/ServiceName-VM1/providers/Microsoft.Network/networkInterfaces/ServiceName-VM1-NetworkInterface",
                        "attributes": {
                            "applied_dns_servers.#": "0",
                            "dns_servers.#": "0",
                            "enable_accelerated_networking": "false",
                            "enable_ip_forwarding": "false",
                            "id": "/subscriptions/e9f51b95-e7df-43ff-9ea8-5e03b0fdf74d/resourceGroups/ServiceName-VM1/providers/Microsoft.Network/networkInterfaces/ServiceName-VM1-NetworkInterface",
                            "internal_dns_name_label": "",
                            "internal_fqdn": "",
                            "ip_configuration.#": "1",
                            "ip_configuration.0.application_gateway_backend_address_pools_ids.#": "0",
                            "ip_configuration.0.application_security_group_ids.#": "0",
                            "ip_configuration.0.load_balancer_backend_address_pools_ids.#": "0",
                            "ip_configuration.0.load_balancer_inbound_nat_rules_ids.#": "0",
                            "ip_configuration.0.name": "ServiceName-VM1-SubnetIPConfig",
                            "ip_configuration.0.primary": "true",
                            "ip_configuration.0.private_ip_address": "",
                            "ip_configuration.0.private_ip_address_allocation": "dynamic",
                            "ip_configuration.0.public_ip_address_id": "/subscriptions/e9f51b95-e7df-43ff-9ea8-5e03b0fdf74d/resourceGroups/ServiceName-VM1/providers/Microsoft.Network/publicIPAddresses/ServiceName-VM1-PublicIP",
                            "ip_configuration.0.subnet_id": "/subscriptions/e9f51b95-e7df-43ff-9ea8-5e03b0fdf74d/resourceGroups/ServiceName-VM1/providers/Microsoft.Network/virtualNetworks/ServiceName-VM1-VirtualNetwork/subnets/ServiceName-VM1-PrivateSubnet",
                            "location": "westeurope",
                            "mac_address": "",
                            "name": "ServiceName-VM1-NetworkInterface",
                            "network_security_group_id": "/subscriptions/e9f51b95-e7df-43ff-9ea8-5e03b0fdf74d/resourceGroups/ServiceName-VM1/providers/Microsoft.Network/networkSecurityGroups/ServiceName-VM1-SecurityGroup",
                            "private_ip_address": "10.0.1.4",
                            "private_ip_addresses.#": "1",
                            "private_ip_addresses.0": "10.0.1.4",
                            "resource_group_name": "ServiceName-VM1",
                            "tags.%": "0"
                        },
                        "meta": {},
                        "tainted": false
                    },
                    "deposed": [],
                    "provider": "provider.azurerm"
                },
                "azurerm_network_security_group.default": {
                    "type": "azurerm_network_security_group",
                    "depends_on": [
                        "azurerm_resource_group.default"
                    ],
                    "primary": {
                        "id": "/subscriptions/e9f51b95-e7df-43ff-9ea8-5e03b0fdf74d/resourceGroups/ServiceName-VM1/providers/Microsoft.Network/networkSecurityGroups/ServiceName-VM1-SecurityGroup",
                        "attributes": {
                            "id": "/subscriptions/e9f51b95-e7df-43ff-9ea8-5e03b0fdf74d/resourceGroups/ServiceName-VM1/providers/Microsoft.Network/networkSecurityGroups/ServiceName-VM1-SecurityGroup",
                            "location": "westeurope",
                            "name": "ServiceName-VM1-SecurityGroup",
                            "resource_group_name": "ServiceName-VM1",
                            "security_rule.#": "1",
                            "security_rule.1453840626.access": "Allow",
                            "security_rule.1453840626.description": "",
                            "security_rule.1453840626.destination_address_prefix": "*",
                            "security_rule.1453840626.destination_address_prefixes.#": "0",
                            "security_rule.1453840626.destination_application_security_group_ids.#": "0",
                            "security_rule.1453840626.destination_port_range": "22",
                            "security_rule.1453840626.destination_port_ranges.#": "0",
                            "security_rule.1453840626.direction": "Inbound",
                            "security_rule.1453840626.name": "ssh",
                            "security_rule.1453840626.priority": "1000",
                            "security_rule.1453840626.protocol": "Tcp",
                            "security_rule.1453840626.source_address_prefix": "*",
                            "security_rule.1453840626.source_address_prefixes.#": "0",
                            "security_rule.1453840626.source_application_security_group_ids.#": "0",
                            "security_rule.1453840626.source_port_range": "*",
                            "security_rule.1453840626.source_port_ranges.#": "0",
                            "tags.%": "0"
                        },
                        "meta": {},
                        "tainted": false
                    },
                    "deposed": [],
                    "provider": "provider.azurerm"
                },
                "azurerm_network_security_rule.ssh": {
                    "type": "azurerm_network_security_rule",
                    "depends_on": [
                        "azurerm_network_security_group.default",
                        "azurerm_resource_group.default"
                    ],
                    "primary": {
                        "id": "/subscriptions/e9f51b95-e7df-43ff-9ea8-5e03b0fdf74d/resourceGroups/ServiceName-VM1/providers/Microsoft.Network/networkSecurityGroups/ServiceName-VM1-SecurityGroup/securityRules/ssh",
                        "attributes": {
                            "access": "Allow",
                            "description": "",
                            "destination_address_prefix": "*",
                            "destination_address_prefixes.#": "0",
                            "destination_port_range": "22",
                            "destination_port_ranges.#": "0",
                            "direction": "Inbound",
                            "id": "/subscriptions/e9f51b95-e7df-43ff-9ea8-5e03b0fdf74d/resourceGroups/ServiceName-VM1/providers/Microsoft.Network/networkSecurityGroups/ServiceName-VM1-SecurityGroup/securityRules/ssh",
                            "name": "ssh",
                            "network_security_group_name": "ServiceName-VM1-SecurityGroup",
                            "priority": "1000",
                            "protocol": "Tcp",
                            "resource_group_name": "ServiceName-VM1",
                            "source_address_prefix": "*",
                            "source_address_prefixes.#": "0",
                            "source_port_range": "*",
                            "source_port_ranges.#": "0"
                        },
                        "meta": {},
                        "tainted": false
                    },
                    "deposed": [],
                    "provider": "provider.azurerm"
                },
                "azurerm_public_ip.default": {
                    "type": "azurerm_public_ip",
                    "depends_on": [
                        "azurerm_resource_group.default"
                    ],
                    "primary": {
                        "id": "/subscriptions/e9f51b95-e7df-43ff-9ea8-5e03b0fdf74d/resourceGroups/ServiceName-VM1/providers/Microsoft.Network/publicIPAddresses/ServiceName-VM1-PublicIP",
                        "attributes": {
                            "id": "/subscriptions/e9f51b95-e7df-43ff-9ea8-5e03b0fdf74d/resourceGroups/ServiceName-VM1/providers/Microsoft.Network/publicIPAddresses/ServiceName-VM1-PublicIP",
                            "ip_address": "40.113.141.68",
                            "location": "westeurope",
                            "name": "ServiceName-VM1-PublicIP",
                            "public_ip_address_allocation": "static",
                            "resource_group_name": "ServiceName-VM1",
                            "sku": "Basic",
                            "tags.%": "0",
                            "zones.#": "0"
                        },
                        "meta": {},
                        "tainted": false
                    },
                    "deposed": [],
                    "provider": "provider.azurerm"
                },
                "azurerm_resource_group.default": {
                    "type": "azurerm_resource_group",
                    "depends_on": [],
                    "primary": {
                        "id": "/subscriptions/e9f51b95-e7df-43ff-9ea8-5e03b0fdf74d/resourceGroups/ServiceName-VM1",
                        "attributes": {
                            "id": "/subscriptions/e9f51b95-e7df-43ff-9ea8-5e03b0fdf74d/resourceGroups/ServiceName-VM1",
                            "location": "westeurope",
                            "name": "ServiceName-VM1",
                            "tags.%": "0"
                        },
                        "meta": {},
                        "tainted": false
                    },
                    "deposed": [],
                    "provider": "provider.azurerm"
                },
                "azurerm_subnet.default": {
                    "type": "azurerm_subnet",
                    "depends_on": [
                        "azurerm_resource_group.default",
                        "azurerm_virtual_network.default"
                    ],
                    "primary": {
                        "id": "/subscriptions/e9f51b95-e7df-43ff-9ea8-5e03b0fdf74d/resourceGroups/ServiceName-VM1/providers/Microsoft.Network/virtualNetworks/ServiceName-VM1-VirtualNetwork/subnets/ServiceName-VM1-PrivateSubnet",
                        "attributes": {
                            "address_prefix": "10.0.1.0/24",
                            "id": "/subscriptions/e9f51b95-e7df-43ff-9ea8-5e03b0fdf74d/resourceGroups/ServiceName-VM1/providers/Microsoft.Network/virtualNetworks/ServiceName-VM1-VirtualNetwork/subnets/ServiceName-VM1-PrivateSubnet",
                            "ip_configurations.#": "1",
                            "ip_configurations.17129718": "/subscriptions/e9f51b95-e7df-43ff-9ea8-5e03b0fdf74d/resourceGroups/ServiceName-VM1/providers/Microsoft.Network/networkInterfaces/ServiceName-VM1-NetworkInterface/ipConfigurations/ServiceName-VM1-SubnetIPConfig",
                            "name": "ServiceName-VM1-PrivateSubnet",
                            "resource_group_name": "ServiceName-VM1",
                            "service_endpoints.#": "0",
                            "virtual_network_name": "ServiceName-VM1-VirtualNetwork"
                        },
                        "meta": {},
                        "tainted": false
                    },
                    "deposed": [],
                    "provider": "provider.azurerm"
                },
                "azurerm_virtual_network.default": {
                    "type": "azurerm_virtual_network",
                    "depends_on": [
                        "azurerm_resource_group.default"
                    ],
                    "primary": {
                        "id": "/subscriptions/e9f51b95-e7df-43ff-9ea8-5e03b0fdf74d/resourceGroups/ServiceName-VM1/providers/Microsoft.Network/virtualNetworks/ServiceName-VM1-VirtualNetwork",
                        "attributes": {
                            "address_space.#": "1",
                            "address_space.0": "10.0.0.0/16",
                            "dns_servers.#": "0",
                            "id": "/subscriptions/e9f51b95-e7df-43ff-9ea8-5e03b0fdf74d/resourceGroups/ServiceName-VM1/providers/Microsoft.Network/virtualNetworks/ServiceName-VM1-VirtualNetwork",
                            "location": "westeurope",
                            "name": "ServiceName-VM1-VirtualNetwork",
                            "resource_group_name": "ServiceName-VM1",
                            "subnet.#": "1",
                            "subnet.3064876987.address_prefix": "10.0.1.0/24",
                            "subnet.3064876987.name": "ServiceName-VM1-PrivateSubnet",
                            "subnet.3064876987.security_group": "",
                            "tags.%": "0"
                        },
                        "meta": {},
                        "tainted": false
                    },
                    "deposed": [],
                    "provider": "provider.azurerm"
                }
            },
            "depends_on": []
        }
    ]
}
